// !$*UTF8*$!
{
	archiveVersion = 1;
	classes = {
	};
	objectVersion = 50;
	objects = {

/* Begin PBXBuildFile section */
		552A5B40215588BC0079EA60 /* ResultContainer.swift in Sources */ = {isa = PBXBuildFile; fileRef = 552A5B3F215588BC0079EA60 /* ResultContainer.swift */; };
		5590A7D9215617D100DC4ABA /* NewsDetailsViewController.swift in Sources */ = {isa = PBXBuildFile; fileRef = 5590A7D8215617D100DC4ABA /* NewsDetailsViewController.swift */; };
		5590A7E22156683D00DC4ABA /* LoadingTableViewCell.swift in Sources */ = {isa = PBXBuildFile; fileRef = 5590A7E02156683D00DC4ABA /* LoadingTableViewCell.swift */; };
		5590A7E32156683D00DC4ABA /* LoadingTableViewCell.xib in Resources */ = {isa = PBXBuildFile; fileRef = 5590A7E12156683D00DC4ABA /* LoadingTableViewCell.xib */; };
		5590A7E52156708200DC4ABA /* StringExtensions.swift in Sources */ = {isa = PBXBuildFile; fileRef = 5590A7E42156708200DC4ABA /* StringExtensions.swift */; };
		5590A7E72157C2D400DC4ABA /* NewsDetails.swift in Sources */ = {isa = PBXBuildFile; fileRef = 5590A7E62157C2D400DC4ABA /* NewsDetails.swift */; };
		559D929A215503DC0044B3CA /* AppDelegate.swift in Sources */ = {isa = PBXBuildFile; fileRef = 559D9299215503DC0044B3CA /* AppDelegate.swift */; };
		559D929C215503DC0044B3CA /* NewsFeedViewController.swift in Sources */ = {isa = PBXBuildFile; fileRef = 559D929B215503DC0044B3CA /* NewsFeedViewController.swift */; };
		559D929F215503DC0044B3CA /* Main.storyboard in Resources */ = {isa = PBXBuildFile; fileRef = 559D929D215503DC0044B3CA /* Main.storyboard */; };
		559D92A1215503DD0044B3CA /* Assets.xcassets in Resources */ = {isa = PBXBuildFile; fileRef = 559D92A0215503DD0044B3CA /* Assets.xcassets */; };
		559D92A4215503DD0044B3CA /* LaunchScreen.storyboard in Resources */ = {isa = PBXBuildFile; fileRef = 559D92A2215503DD0044B3CA /* LaunchScreen.storyboard */; };
		559D92AD215516F70044B3CA /* NewsTableViewCell.swift in Sources */ = {isa = PBXBuildFile; fileRef = 559D92AB215516F70044B3CA /* NewsTableViewCell.swift */; };
		559D92AE215516F70044B3CA /* NewsTableViewCell.xib in Resources */ = {isa = PBXBuildFile; fileRef = 559D92AC215516F70044B3CA /* NewsTableViewCell.xib */; };
		559D92B02155268D0044B3CA /* NewsHeader.swift in Sources */ = {isa = PBXBuildFile; fileRef = 559D92AF2155268D0044B3CA /* NewsHeader.swift */; };
		559D92B2215529E10044B3CA /* News.swift in Sources */ = {isa = PBXBuildFile; fileRef = 559D92B1215529E10044B3CA /* News.swift */; };
		559D92B52155312F0044B3CA /* TransportLayer.swift in Sources */ = {isa = PBXBuildFile; fileRef = 559D92B42155312F0044B3CA /* TransportLayer.swift */; };
		559D92B721554FAC0044B3CA /* NewsServiceProtocol.swift in Sources */ = {isa = PBXBuildFile; fileRef = 559D92B621554FAC0044B3CA /* NewsServiceProtocol.swift */; };
		559D92B9215558240044B3CA /* NewsService.swift in Sources */ = {isa = PBXBuildFile; fileRef = 559D92B8215558240044B3CA /* NewsService.swift */; };
/* End PBXBuildFile section */

/* Begin PBXFileReference section */
		552A5B3F215588BC0079EA60 /* ResultContainer.swift */ = {isa = PBXFileReference; lastKnownFileType = sourcecode.swift; path = ResultContainer.swift; sourceTree = "<group>"; };
		5590A7D8215617D100DC4ABA /* NewsDetailsViewController.swift */ = {isa = PBXFileReference; lastKnownFileType = sourcecode.swift; path = NewsDetailsViewController.swift; sourceTree = "<group>"; };
		5590A7E02156683D00DC4ABA /* LoadingTableViewCell.swift */ = {isa = PBXFileReference; lastKnownFileType = sourcecode.swift; path = LoadingTableViewCell.swift; sourceTree = "<group>"; };
		5590A7E12156683D00DC4ABA /* LoadingTableViewCell.xib */ = {isa = PBXFileReference; lastKnownFileType = file.xib; path = LoadingTableViewCell.xib; sourceTree = "<group>"; };
		5590A7E42156708200DC4ABA /* StringExtensions.swift */ = {isa = PBXFileReference; lastKnownFileType = sourcecode.swift; path = StringExtensions.swift; sourceTree = "<group>"; };
		5590A7E62157C2D400DC4ABA /* NewsDetails.swift */ = {isa = PBXFileReference; lastKnownFileType = sourcecode.swift; path = NewsDetails.swift; sourceTree = "<group>"; };
		559D9296215503DC0044B3CA /* TinkoffDemo.app */ = {isa = PBXFileReference; explicitFileType = wrapper.application; includeInIndex = 0; path = TinkoffDemo.app; sourceTree = BUILT_PRODUCTS_DIR; };
		559D9299215503DC0044B3CA /* AppDelegate.swift */ = {isa = PBXFileReference; lastKnownFileType = sourcecode.swift; path = AppDelegate.swift; sourceTree = "<group>"; };
		559D929B215503DC0044B3CA /* NewsFeedViewController.swift */ = {isa = PBXFileReference; lastKnownFileType = sourcecode.swift; path = NewsFeedViewController.swift; sourceTree = "<group>"; };
		559D929E215503DC0044B3CA /* Base */ = {isa = PBXFileReference; lastKnownFileType = file.storyboard; name = Base; path = Base.lproj/Main.storyboard; sourceTree = "<group>"; };
		559D92A0215503DD0044B3CA /* Assets.xcassets */ = {isa = PBXFileReference; lastKnownFileType = folder.assetcatalog; path = Assets.xcassets; sourceTree = "<group>"; };
		559D92A3215503DD0044B3CA /* Base */ = {isa = PBXFileReference; lastKnownFileType = file.storyboard; name = Base; path = Base.lproj/LaunchScreen.storyboard; sourceTree = "<group>"; };
		559D92A5215503DD0044B3CA /* Info.plist */ = {isa = PBXFileReference; lastKnownFileType = text.plist.xml; path = Info.plist; sourceTree = "<group>"; };
		559D92AB215516F70044B3CA /* NewsTableViewCell.swift */ = {isa = PBXFileReference; lastKnownFileType = sourcecode.swift; path = NewsTableViewCell.swift; sourceTree = "<group>"; };
		559D92AC215516F70044B3CA /* NewsTableViewCell.xib */ = {isa = PBXFileReference; lastKnownFileType = file.xib; path = NewsTableViewCell.xib; sourceTree = "<group>"; };
		559D92AF2155268D0044B3CA /* NewsHeader.swift */ = {isa = PBXFileReference; lastKnownFileType = sourcecode.swift; path = NewsHeader.swift; sourceTree = "<group>"; };
		559D92B1215529E10044B3CA /* News.swift */ = {isa = PBXFileReference; lastKnownFileType = sourcecode.swift; path = News.swift; sourceTree = "<group>"; };
		559D92B42155312F0044B3CA /* TransportLayer.swift */ = {isa = PBXFileReference; lastKnownFileType = sourcecode.swift; path = TransportLayer.swift; sourceTree = "<group>"; };
		559D92B621554FAC0044B3CA /* NewsServiceProtocol.swift */ = {isa = PBXFileReference; lastKnownFileType = sourcecode.swift; path = NewsServiceProtocol.swift; sourceTree = "<group>"; };
		559D92B8215558240044B3CA /* NewsService.swift */ = {isa = PBXFileReference; lastKnownFileType = sourcecode.swift; path = NewsService.swift; sourceTree = "<group>"; };
/* End PBXFileReference section */

/* Begin PBXFrameworksBuildPhase section */
		559D9293215503DC0044B3CA /* Frameworks */ = {
			isa = PBXFrameworksBuildPhase;
			buildActionMask = 2147483647;
			files = (
			);
			runOnlyForDeploymentPostprocessing = 0;
		};
/* End PBXFrameworksBuildPhase section */

/* Begin PBXGroup section */
		5590A7DA21565B7D00DC4ABA /* View */ = {
			isa = PBXGroup;
			children = (
				559D92AB215516F70044B3CA /* NewsTableViewCell.swift */,
				559D92AC215516F70044B3CA /* NewsTableViewCell.xib */,
				5590A7E02156683D00DC4ABA /* LoadingTableViewCell.swift */,
				5590A7E12156683D00DC4ABA /* LoadingTableViewCell.xib */,
			);
			path = View;
			sourceTree = "<group>";
		};
		5590A7DB21565B9300DC4ABA /* Service */ = {
			isa = PBXGroup;
			children = (
				559D92B42155312F0044B3CA /* TransportLayer.swift */,
				559D92B621554FAC0044B3CA /* NewsServiceProtocol.swift */,
				559D92B8215558240044B3CA /* NewsService.swift */,
			);
			path = Service;
			sourceTree = "<group>";
		};
		559D928D215503DC0044B3CA = {
			isa = PBXGroup;
			children = (
				559D9298215503DC0044B3CA /* TinkoffDemo */,
				559D9297215503DC0044B3CA /* Products */,
			);
			sourceTree = "<group>";
		};
		559D9297215503DC0044B3CA /* Products */ = {
			isa = PBXGroup;
			children = (
				559D9296215503DC0044B3CA /* TinkoffDemo.app */,
			);
			name = Products;
			sourceTree = "<group>";
		};
		559D9298215503DC0044B3CA /* TinkoffDemo */ = {
			isa = PBXGroup;
			children = (
				559D9299215503DC0044B3CA /* AppDelegate.swift */,
				559D929B215503DC0044B3CA /* NewsFeedViewController.swift */,
				5590A7D8215617D100DC4ABA /* NewsDetailsViewController.swift */,
				559D929D215503DC0044B3CA /* Main.storyboard */,
				5590A7E42156708200DC4ABA /* StringExtensions.swift */,
				5590A7DA21565B7D00DC4ABA /* View */,
				5590A7DB21565B9300DC4ABA /* Service */,
				559D92B321552E8E0044B3CA /* Model */,
				559D92A0215503DD0044B3CA /* Assets.xcassets */,
				559D92A2215503DD0044B3CA /* LaunchScreen.storyboard */,
				559D92A5215503DD0044B3CA /* Info.plist */,
			);
			path = TinkoffDemo;
			sourceTree = "<group>";
		};
		559D92B321552E8E0044B3CA /* Model */ = {
			isa = PBXGroup;
			children = (
				559D92AF2155268D0044B3CA /* NewsHeader.swift */,
				5590A7E62157C2D400DC4ABA /* NewsDetails.swift */,
				559D92B1215529E10044B3CA /* News.swift */,
				552A5B3F215588BC0079EA60 /* ResultContainer.swift */,
			);
			path = Model;
			sourceTree = "<group>";
		};
/* End PBXGroup section */

/* Begin PBXNativeTarget section */
		559D9295215503DC0044B3CA /* TinkoffDemo */ = {
			isa = PBXNativeTarget;
			buildConfigurationList = 559D92A8215503DD0044B3CA /* Build configuration list for PBXNativeTarget "TinkoffDemo" */;
			buildPhases = (
				559D9292215503DC0044B3CA /* Sources */,
				559D9293215503DC0044B3CA /* Frameworks */,
				559D9294215503DC0044B3CA /* Resources */,
			);
			buildRules = (
			);
			dependencies = (
			);
			name = TinkoffDemo;
			productName = TinkoffDemo;
			productReference = 559D9296215503DC0044B3CA /* TinkoffDemo.app */;
			productType = "com.apple.product-type.application";
		};
/* End PBXNativeTarget section */

/* Begin PBXProject section */
		559D928E215503DC0044B3CA /* Project object */ = {
			isa = PBXProject;
			attributes = {
				LastSwiftUpdateCheck = 1000;
				LastUpgradeCheck = 1000;
				ORGANIZATIONNAME = Jastic7;
				TargetAttributes = {
					559D9295215503DC0044B3CA = {
						CreatedOnToolsVersion = 10.0;
					};
				};
			};
			buildConfigurationList = 559D9291215503DC0044B3CA /* Build configuration list for PBXProject "TinkoffDemo" */;
			compatibilityVersion = "Xcode 9.3";
			developmentRegion = en;
			hasScannedForEncodings = 0;
			knownRegions = (
				en,
				Base,
			);
			mainGroup = 559D928D215503DC0044B3CA;
			productRefGroup = 559D9297215503DC0044B3CA /* Products */;
			projectDirPath = "";
			projectRoot = "";
			targets = (
				559D9295215503DC0044B3CA /* TinkoffDemo */,
			);
		};
/* End PBXProject section */

/* Begin PBXResourcesBuildPhase section */
		559D9294215503DC0044B3CA /* Resources */ = {
			isa = PBXResourcesBuildPhase;
			buildActionMask = 2147483647;
			files = (
				559D92A4215503DD0044B3CA /* LaunchScreen.storyboard in Resources */,
				5590A7E32156683D00DC4ABA /* LoadingTableViewCell.xib in Resources */,
				559D92A1215503DD0044B3CA /* Assets.xcassets in Resources */,
				559D92AE215516F70044B3CA /* NewsTableViewCell.xib in Resources */,
				559D929F215503DC0044B3CA /* Main.storyboard in Resources */,
			);
			runOnlyForDeploymentPostprocessing = 0;
		};
/* End PBXResourcesBuildPhase section */

/* Begin PBXSourcesBuildPhase section */
		559D9292215503DC0044B3CA /* Sources */ = {
			isa = PBXSourcesBuildPhase;
			buildActionMask = 2147483647;
			files = (
				5590A7E52156708200DC4ABA /* StringExtensions.swift in Sources */,
				5590A7E72157C2D400DC4ABA /* NewsDetails.swift in Sources */,
				5590A7D9215617D100DC4ABA /* NewsDetailsViewController.swift in Sources */,
				559D929C215503DC0044B3CA /* NewsFeedViewController.swift in Sources */,
				559D929A215503DC0044B3CA /* AppDelegate.swift in Sources */,
				559D92B9215558240044B3CA /* NewsService.swift in Sources */,
				552A5B40215588BC0079EA60 /* ResultContainer.swift in Sources */,
				559D92B02155268D0044B3CA /* NewsHeader.swift in Sources */,
				559D92B721554FAC0044B3CA /* NewsServiceProtocol.swift in Sources */,
				5590A7E22156683D00DC4ABA /* LoadingTableViewCell.swift in Sources */,
				559D92B52155312F0044B3CA /* TransportLayer.swift in Sources */,
				559D92B2215529E10044B3CA /* News.swift in Sources */,
				559D92AD215516F70044B3CA /* NewsTableViewCell.swift in Sources */,
			);
			runOnlyForDeploymentPostprocessing = 0;
		};
/* End PBXSourcesBuildPhase section */

/* Begin PBXVariantGroup section */
		559D929D215503DC0044B3CA /* Main.storyboard */ = {
			isa = PBXVariantGroup;
			children = (
				559D929E215503DC0044B3CA /* Base */,
			);
			name = Main.storyboard;
			sourceTree = "<group>";
		};
		559D92A2215503DD0044B3CA /* LaunchScreen.storyboard */ = {
			isa = PBXVariantGroup;
			children = (
				559D92A3215503DD0044B3CA /* Base */,
			);
			name = LaunchScreen.storyboard;
			sourceTree = "<group>";
		};
/* End PBXVariantGroup section */

/* Begin XCBuildConfiguration section */
		559D92A6215503DD0044B3CA /* Debug */ = {
			isa = XCBuildConfiguration;
			buildSettings = {
				ALWAYS_SEARCH_USER_PATHS = NO;
				CLANG_ANALYZER_NONNULL = YES;
				CLANG_ANALYZER_NUMBER_OBJECT_CONVERSION = YES_AGGRESSIVE;
				CLANG_CXX_LANGUAGE_STANDARD = "gnu++14";
				CLANG_CXX_LIBRARY = "libc++";
				CLANG_ENABLE_MODULES = YES;
				CLANG_ENABLE_OBJC_ARC = YES;
				CLANG_ENABLE_OBJC_WEAK = YES;
				CLANG_WARN_BLOCK_CAPTURE_AUTORELEASING = YES;
				CLANG_WARN_BOOL_CONVERSION = YES;
				CLANG_WARN_COMMA = YES;
				CLANG_WARN_CONSTANT_CONVERSION = YES;
				CLANG_WARN_DEPRECATED_OBJC_IMPLEMENTATIONS = YES;
				CLANG_WARN_DIRECT_OBJC_ISA_USAGE = YES_ERROR;
				CLANG_WARN_DOCUMENTATION_COMMENTS = YES;
				CLANG_WARN_EMPTY_BODY = YES;
				CLANG_WARN_ENUM_CONVERSION = YES;
				CLANG_WARN_INFINITE_RECURSION = YES;
				CLANG_WARN_INT_CONVERSION = YES;
				CLANG_WARN_NON_LITERAL_NULL_CONVERSION = YES;
				CLANG_WARN_OBJC_IMPLICIT_RETAIN_SELF = YES;
				CLANG_WARN_OBJC_LITERAL_CONVERSION = YES;
				CLANG_WARN_OBJC_ROOT_CLASS = YES_ERROR;
				CLANG_WARN_RANGE_LOOP_ANALYSIS = YES;
				CLANG_WARN_STRICT_PROTOTYPES = YES;
				CLANG_WARN_SUSPICIOUS_MOVE = YES;
				CLANG_WARN_UNGUARDED_AVAILABILITY = YES_AGGRESSIVE;
				CLANG_WARN_UNREACHABLE_CODE = YES;
				CLANG_WARN__DUPLICATE_METHOD_MATCH = YES;
				CODE_SIGN_IDENTITY = "iPhone Developer";
				COPY_PHASE_STRIP = NO;
				DEBUG_INFORMATION_FORMAT = dwarf;
				ENABLE_STRICT_OBJC_MSGSEND = YES;
				ENABLE_TESTABILITY = YES;
				GCC_C_LANGUAGE_STANDARD = gnu11;
				GCC_DYNAMIC_NO_PIC = NO;
				GCC_NO_COMMON_BLOCKS = YES;
				GCC_OPTIMIZATION_LEVEL = 0;
				GCC_PREPROCESSOR_DEFINITIONS = (
					"DEBUG=1",
					"$(inherited)",
				);
				GCC_WARN_64_TO_32_BIT_CONVERSION = YES;
				GCC_WARN_ABOUT_RETURN_TYPE = YES_ERROR;
				GCC_WARN_UNDECLARED_SELECTOR = YES;
				GCC_WARN_UNINITIALIZED_AUTOS = YES_AGGRESSIVE;
				GCC_WARN_UNUSED_FUNCTION = YES;
				GCC_WARN_UNUSED_VARIABLE = YES;
				IPHONEOS_DEPLOYMENT_TARGET = 12.0;
				MTL_ENABLE_DEBUG_INFO = INCLUDE_SOURCE;
				MTL_FAST_MATH = YES;
				ONLY_ACTIVE_ARCH = YES;
				SDKROOT = iphoneos;
				SWIFT_ACTIVE_COMPILATION_CONDITIONS = DEBUG;
				SWIFT_OPTIMIZATION_LEVEL = "-Onone";
			};
			name = Debug;
		};
		559D92A7215503DD0044B3CA /* Release */ = {
			isa = XCBuildConfiguration;
			buildSettings = {
				ALWAYS_SEARCH_USER_PATHS = NO;
				CLANG_ANALYZER_NONNULL = YES;
				CLANG_ANALYZER_NUMBER_OBJECT_CONVERSION = YES_AGGRESSIVE;
				CLANG_CXX_LANGUAGE_STANDARD = "gnu++14";
				CLANG_CXX_LIBRARY = "libc++";
				CLANG_ENABLE_MODULES = YES;
				CLANG_ENABLE_OBJC_ARC = YES;
				CLANG_ENABLE_OBJC_WEAK = YES;
				CLANG_WARN_BLOCK_CAPTURE_AUTORELEASING = YES;
				CLANG_WARN_BOOL_CONVERSION = YES;
				CLANG_WARN_COMMA = YES;
				CLANG_WARN_CONSTANT_CONVERSION = YES;
				CLANG_WARN_DEPRECATED_OBJC_IMPLEMENTATIONS = YES;
				CLANG_WARN_DIRECT_OBJC_ISA_USAGE = YES_ERROR;
				CLANG_WARN_DOCUMENTATION_COMMENTS = YES;
				CLANG_WARN_EMPTY_BODY = YES;
				CLANG_WARN_ENUM_CONVERSION = YES;
				CLANG_WARN_INFINITE_RECURSION = YES;
				CLANG_WARN_INT_CONVERSION = YES;
				CLANG_WARN_NON_LITERAL_NULL_CONVERSION = YES;
				CLANG_WARN_OBJC_IMPLICIT_RETAIN_SELF = YES;
				CLANG_WARN_OBJC_LITERAL_CONVERSION = YES;
				CLANG_WARN_OBJC_ROOT_CLASS = YES_ERROR;
				CLANG_WARN_RANGE_LOOP_ANALYSIS = YES;
				CLANG_WARN_STRICT_PROTOTYPES = YES;
				CLANG_WARN_SUSPICIOUS_MOVE = YES;
				CLANG_WARN_UNGUARDED_AVAILABILITY = YES_AGGRESSIVE;
				CLANG_WARN_UNREACHABLE_CODE = YES;
				CLANG_WARN__DUPLICATE_METHOD_MATCH = YES;
				CODE_SIGN_IDENTITY = "iPhone Developer";
				COPY_PHASE_STRIP = NO;
				DEBUG_INFORMATION_FORMAT = "dwarf-with-dsym";
				ENABLE_NS_ASSERTIONS = NO;
				ENABLE_STRICT_OBJC_MSGSEND = YES;
				GCC_C_LANGUAGE_STANDARD = gnu11;
				GCC_NO_COMMON_BLOCKS = YES;
				GCC_WARN_64_TO_32_BIT_CONVERSION = YES;
				GCC_WARN_ABOUT_RETURN_TYPE = YES_ERROR;
				GCC_WARN_UNDECLARED_SELECTOR = YES;
				GCC_WARN_UNINITIALIZED_AUTOS = YES_AGGRESSIVE;
				GCC_WARN_UNUSED_FUNCTION = YES;
				GCC_WARN_UNUSED_VARIABLE = YES;
				IPHONEOS_DEPLOYMENT_TARGET = 12.0;
				MTL_ENABLE_DEBUG_INFO = NO;
				MTL_FAST_MATH = YES;
				SDKROOT = iphoneos;
				SWIFT_COMPILATION_MODE = wholemodule;
				SWIFT_OPTIMIZATION_LEVEL = "-O";
				VALIDATE_PRODUCT = YES;
			};
			name = Release;
		};
		559D92A9215503DD0044B3CA /* Debug */ = {
			isa = XCBuildConfiguration;
			buildSettings = {
				ASSETCATALOG_COMPILER_APPICON_NAME = AppIcon;
				CODE_SIGN_STYLE = Automatic;
				INFOPLIST_FILE = TinkoffDemo/Info.plist;
				LD_RUNPATH_SEARCH_PATHS = (
					"$(inherited)",
					"@executable_path/Frameworks",
				);
				PRODUCT_BUNDLE_IDENTIFIER = Jastic7.TinkoffDemo;
				PRODUCT_NAME = "$(TARGET_NAME)";
				SWIFT_VERSION = 4.2;
				TARGETED_DEVICE_FAMILY = "1,2";
			};
			name = Debug;
		};
		559D92AA215503DD0044B3CA /* Release */ = {
			isa = XCBuildConfiguration;
			buildSettings = {
				ASSETCATALOG_COMPILER_APPICON_NAME = AppIcon;
				CODE_SIGN_STYLE = Automatic;
				INFOPLIST_FILE = TinkoffDemo/Info.plist;
				LD_RUNPATH_SEARCH_PATHS = (
					"$(inherited)",
					"@executable_path/Frameworks",
				);
				PRODUCT_BUNDLE_IDENTIFIER = Jastic7.TinkoffDemo;
				PRODUCT_NAME = "$(TARGET_NAME)";
				SWIFT_VERSION = 4.2;
				TARGETED_DEVICE_FAMILY = "1,2";
			};
			name = Release;
		};
/* End XCBuildConfiguration section */

/* Begin XCConfigurationList section */
		559D9291215503DC0044B3CA /* Build configuration list for PBXProject "TinkoffDemo" */ = {
			isa = XCConfigurationList;
			buildConfigurations = (
				559D92A6215503DD0044B3CA /* Debug */,
				559D92A7215503DD0044B3CA /* Release */,
			);
			defaultConfigurationIsVisible = 0;
			defaultConfigurationName = Release;
		};
		559D92A8215503DD0044B3CA /* Build configuration list for PBXNativeTarget "TinkoffDemo" */ = {
			isa = XCConfigurationList;
			buildConfigurations = (
				559D92A9215503DD0044B3CA /* Debug */,
				559D92AA215503DD0044B3CA /* Release */,
			);
			defaultConfigurationIsVisible = 0;
			defaultConfigurationName = Release;
		};
/* End XCConfigurationList section */
	};
	rootObject = 559D928E215503DC0044B3CA /* Project object */;
}
